
Microsoft Visual Studio Solution File, Format Version 12.00
# Visual Studio Version 17
VisualStudioVersion = 17.8.34330.188
MinimumVisualStudioVersion = 10.0.40219.1
Project("{9A19103F-16F7-4668-BE54-9A1E7A4F7556}") = "WebApplication1", "WebApplication1\WebApplication1.csproj", "{4FD2B311-3BE4-4154-A922-EA2FA2ED28A7}"
EndProject
Project("{9A19103F-16F7-4668-BE54-9A1E7A4F7556}") = "AccesoDatos", "AccesoDatos\AccesoDatos.csproj", "{1888C7BE-CFC7-44D5-9992-9FCC53F63F63}"
EndProject
Project("{9A19103F-16F7-4668-BE54-9A1E7A4F7556}") = "Negocio", "Negocio\Negocio.csproj", "{4E00B1CC-A371-47B3-996E-E2EA5DA3679D}"
EndProject
Project("{9A19103F-16F7-4668-BE54-9A1E7A4F7556}") = "Entidades", "Entidades\Entidades.csproj", "{82B3A026-148E-4A94-AA61-80B09E054706}"
EndProject
Global
	GlobalSection(SolutionConfigurationPlatforms) = preSolution
		Debug|Any CPU = Debug|Any CPU
		Release|Any CPU = Release|Any CPU
	EndGlobalSection
	GlobalSection(ProjectConfigurationPlatforms) = postSolution
		{4FD2B311-3BE4-4154-A922-EA2FA2ED28A7}.Debug|Any CPU.ActiveCfg = Debug|Any CPU
		{4FD2B311-3BE4-4154-A922-EA2FA2ED28A7}.Debug|Any CPU.Build.0 = Debug|Any CPU
		{4FD2B311-3BE4-4154-A922-EA2FA2ED28A7}.Release|Any CPU.ActiveCfg = Release|Any CPU
		{4FD2B311-3BE4-4154-A922-EA2FA2ED28A7}.Release|Any CPU.Build.0 = Release|Any CPU
		{1888C7BE-CFC7-44D5-9992-9FCC53F63F63}.Debug|Any CPU.ActiveCfg = Debug|Any CPU
		{1888C7BE-CFC7-44D5-9992-9FCC53F63F63}.Debug|Any CPU.Build.0 = Debug|Any CPU
		{1888C7BE-CFC7-44D5-9992-9FCC53F63F63}.Release|Any CPU.ActiveCfg = Release|Any CPU
		{1888C7BE-CFC7-44D5-9992-9FCC53F63F63}.Release|Any CPU.Build.0 = Release|Any CPU
		{4E00B1CC-A371-47B3-996E-E2EA5DA3679D}.Debug|Any CPU.ActiveCfg = Debug|Any CPU
		{4E00B1CC-A371-47B3-996E-E2EA5DA3679D}.Debug|Any CPU.Build.0 = Debug|Any CPU
		{4E00B1CC-A371-47B3-996E-E2EA5DA3679D}.Release|Any CPU.ActiveCfg = Release|Any CPU
		{4E00B1CC-A371-47B3-996E-E2EA5DA3679D}.Release|Any CPU.Build.0 = Release|Any CPU
		{82B3A026-148E-4A94-AA61-80B09E054706}.Debug|Any CPU.ActiveCfg = Debug|Any CPU
		{82B3A026-148E-4A94-AA61-80B09E054706}.Debug|Any CPU.Build.0 = Debug|Any CPU
		{82B3A026-148E-4A94-AA61-80B09E054706}.Release|Any CPU.ActiveCfg = Release|Any CPU
		{82B3A026-148E-4A94-AA61-80B09E054706}.Release|Any CPU.Build.0 = Release|Any CPU
	EndGlobalSection
	GlobalSection(SolutionProperties) = preSolution
		HideSolutionNode = FALSE
	EndGlobalSection
	GlobalSection(ExtensibilityGlobals) = postSolution
		SolutionGuid = {9BA61E2C-CFC6-4220-B733-DEBCA31F04F6}
	EndGlobalSection
EndGlobal
